
Microsoft Visual Studio Solution File, Format Version 12.00
# Visual Studio 15
VisualStudioVersion = 15.0.28010.2050
MinimumVisualStudioVersion = 10.0.40219.1
Project("{FAE04EC0-301F-11D3-BF4B-00C04F79EFBC}") = "nyolczasHu", "nyolczasHu\nyolczasHu.csproj", "{7CC40FCC-D09A-4F73-B8B7-254E1DB70AAD}"
EndProject
Global
	GlobalSection(SolutionConfigurationPlatforms) = preSolution
		Debug|Any CPU = Debug|Any CPU
		Release|Any CPU = Release|Any CPU
	EndGlobalSection
	GlobalSection(ProjectConfigurationPlatforms) = postSolution
		{7CC40FCC-D09A-4F73-B8B7-254E1DB70AAD}.Debug|Any CPU.ActiveCfg = Debug|Any CPU
		{7CC40FCC-D09A-4F73-B8B7-254E1DB70AAD}.Debug|Any CPU.Build.0 = Debug|Any CPU
		{7CC40FCC-D09A-4F73-B8B7-254E1DB70AAD}.Release|Any CPU.ActiveCfg = Release|Any CPU
		{7CC40FCC-D09A-4F73-B8B7-254E1DB70AAD}.Release|Any CPU.Build.0 = Release|Any CPU
	EndGlobalSection
	GlobalSection(SolutionProperties) = preSolution
		HideSolutionNode = FALSE
	EndGlobalSection
	GlobalSection(ExtensibilityGlobals) = postSolution
		SolutionGuid = {C82118F7-E4DE-4042-9E4E-7EA8F7CF1B5E}
	EndGlobalSection
EndGlobal
